
Microsoft Visual Studio Solution File, Format Version 12.00
# Visual Studio Version 17
VisualStudioVersion = 17.7.34031.279
MinimumVisualStudioVersion = 10.0.40219.1
Project("{FAE04EC0-301F-11D3-BF4B-00C04F79EFBC}") = "Behajto", "Behajto\Behajto.csproj", "{4EA7E9B9-CF6C-44C5-A98B-5E38861E19FE}"
EndProject
Global
	GlobalSection(SolutionConfigurationPlatforms) = preSolution
		Debug|Any CPU = Debug|Any CPU
		Release|Any CPU = Release|Any CPU
	EndGlobalSection
	GlobalSection(ProjectConfigurationPlatforms) = postSolution
		{4EA7E9B9-CF6C-44C5-A98B-5E38861E19FE}.Debug|Any CPU.ActiveCfg = Debug|Any CPU
		{4EA7E9B9-CF6C-44C5-A98B-5E38861E19FE}.Debug|Any CPU.Build.0 = Debug|Any CPU
		{4EA7E9B9-CF6C-44C5-A98B-5E38861E19FE}.Release|Any CPU.ActiveCfg = Release|Any CPU
		{4EA7E9B9-CF6C-44C5-A98B-5E38861E19FE}.Release|Any CPU.Build.0 = Release|Any CPU
	EndGlobalSection
	GlobalSection(SolutionProperties) = preSolution
		HideSolutionNode = FALSE
	EndGlobalSection
	GlobalSection(ExtensibilityGlobals) = postSolution
		SolutionGuid = {101D0986-6B85-4C0E-960F-B252DED5F082}
	EndGlobalSection
EndGlobal
